{
  "requires": true,
  "lockfileVersion": 1,
  "dependencies": {
    "chosen": {
      "version": "0.0.2",
      "resolved": "https://registry.npmjs.org/chosen/-/chosen-0.0.2.tgz",
      "integrity": "sha1-IXcBZo/7O8JvHYCkzwMA2yrWZ5Q="
    },
    "chosen-js": {
      "version": "1.8.5",
      "resolved": "https://registry.npmjs.org/chosen-js/-/chosen-js-1.8.5.tgz",
      "integrity": "sha512-XkFqu0N5O5SbUWh/J4gcB7wOPBLMZbLibWryYmrCRfILUNQEIZwdoN8BZUkUoANmVa9aRs4mTSiDeRy4/eUWqg=="
    },
    "chosenjs": {
      "version": "1.4.3",
      "resolved": "https://registry.npmjs.org/chosenjs/-/chosenjs-1.4.3.tgz",
      "integrity": "sha1-fhcc+UQ5ILhjgYTEdGA1zAuNTCE=",
      "requires": {
        "jquery": "3.3.1"
      }
    },
    "jquery": {
      "version": "3.3.1",
      "resolved": "https://registry.npmjs.org/jquery/-/jquery-3.3.1.tgz",
      "integrity": "sha512-Ubldcmxp5np52/ENotGxlLe6aGMvmF4R8S6tZjsP6Knsaxd/xp3Zrh50cG93lR6nPXyUFwzN3ZSOQI0wRJNdGg=="
    },
    "sortablejs": {
      "version": "1.7.0",
      "resolved": "https://registry.npmjs.org/sortablejs/-/sortablejs-1.7.0.tgz",
      "integrity": "sha1-gKKyNwq9Vo4c7IwnETHvMKkE+ig="
    }
  }
}
